
Microsoft Visual Studio Solution File, Format Version 12.00
# Visual Studio Version 17
VisualStudioVersion = 17.0.31903.59
MinimumVisualStudioVersion = 10.0.40219.1
Project("{FAE04EC0-301F-11D3-BF4B-00C04F79EFBC}") = "WebAPICore.Api", "WebAPICore.Api\WebAPICore.Api.csproj", "{4B47218B-398E-4DBA-8B76-5C965C349AAB}"
EndProject
Project("{FAE04EC0-301F-11D3-BF4B-00C04F79EFBC}") = "WebAPICore.Tests", "WebAPICore.Tests\WebAPICore.Tests.csproj", "{A05537BE-00FD-4536-8F02-D9C4C61F6981}"
EndProject
Global
	GlobalSection(SolutionConfigurationPlatforms) = preSolution
		Debug|Any CPU = Debug|Any CPU
		Debug|x64 = Debug|x64
		Debug|x86 = Debug|x86
		Release|Any CPU = Release|Any CPU
		Release|x64 = Release|x64
		Release|x86 = Release|x86
	EndGlobalSection
	GlobalSection(ProjectConfigurationPlatforms) = postSolution
		{4B47218B-398E-4DBA-8B76-5C965C349AAB}.Debug|Any CPU.ActiveCfg = Debug|Any CPU
		{4B47218B-398E-4DBA-8B76-5C965C349AAB}.Debug|Any CPU.Build.0 = Debug|Any CPU
		{4B47218B-398E-4DBA-8B76-5C965C349AAB}.Debug|x64.ActiveCfg = Debug|Any CPU
		{4B47218B-398E-4DBA-8B76-5C965C349AAB}.Debug|x64.Build.0 = Debug|Any CPU
		{4B47218B-398E-4DBA-8B76-5C965C349AAB}.Debug|x86.ActiveCfg = Debug|Any CPU
		{4B47218B-398E-4DBA-8B76-5C965C349AAB}.Debug|x86.Build.0 = Debug|Any CPU
		{4B47218B-398E-4DBA-8B76-5C965C349AAB}.Release|Any CPU.ActiveCfg = Release|Any CPU
		{4B47218B-398E-4DBA-8B76-5C965C349AAB}.Release|Any CPU.Build.0 = Release|Any CPU
		{4B47218B-398E-4DBA-8B76-5C965C349AAB}.Release|x64.ActiveCfg = Release|Any CPU
		{4B47218B-398E-4DBA-8B76-5C965C349AAB}.Release|x64.Build.0 = Release|Any CPU
		{4B47218B-398E-4DBA-8B76-5C965C349AAB}.Release|x86.ActiveCfg = Release|Any CPU
		{4B47218B-398E-4DBA-8B76-5C965C349AAB}.Release|x86.Build.0 = Release|Any CPU
		{A05537BE-00FD-4536-8F02-D9C4C61F6981}.Debug|Any CPU.ActiveCfg = Debug|Any CPU
		{A05537BE-00FD-4536-8F02-D9C4C61F6981}.Debug|Any CPU.Build.0 = Debug|Any CPU
		{A05537BE-00FD-4536-8F02-D9C4C61F6981}.Debug|x64.ActiveCfg = Debug|Any CPU
		{A05537BE-00FD-4536-8F02-D9C4C61F6981}.Debug|x64.Build.0 = Debug|Any CPU
		{A05537BE-00FD-4536-8F02-D9C4C61F6981}.Debug|x86.ActiveCfg = Debug|Any CPU
		{A05537BE-00FD-4536-8F02-D9C4C61F6981}.Debug|x86.Build.0 = Debug|Any CPU
		{A05537BE-00FD-4536-8F02-D9C4C61F6981}.Release|Any CPU.ActiveCfg = Release|Any CPU
		{A05537BE-00FD-4536-8F02-D9C4C61F6981}.Release|Any CPU.Build.0 = Release|Any CPU
		{A05537BE-00FD-4536-8F02-D9C4C61F6981}.Release|x64.ActiveCfg = Release|Any CPU
		{A05537BE-00FD-4536-8F02-D9C4C61F6981}.Release|x64.Build.0 = Release|Any CPU
		{A05537BE-00FD-4536-8F02-D9C4C61F6981}.Release|x86.ActiveCfg = Release|Any CPU
		{A05537BE-00FD-4536-8F02-D9C4C61F6981}.Release|x86.Build.0 = Release|Any CPU
	EndGlobalSection
	GlobalSection(SolutionProperties) = preSolution
		HideSolutionNode = FALSE
	EndGlobalSection
EndGlobal
